// !$*UTF8*$!
{
	archiveVersion = 1;
	classes = {
	};
	objectVersion = 42;
	objects = {

/* Begin PBXBuildFile section */
		9626A795095321AC006C620D /* BiduleSDK.h in Headers */ = {isa = PBXBuildFile; fileRef = 969BD84F04FFA36800A80165 /* BiduleSDK.h */; };
		9626A797095321AC006C620D /* SpectralBlur.h in Headers */ = {isa = PBXBuildFile; fileRef = 969BD85504FFA37800A80165 /* SpectralBlur.h */; };
		9626A799095321AC006C620D /* InfoPlist.strings in Resources */ = {isa = PBXBuildFile; fileRef = 089C167DFE841241C02AAC07 /* InfoPlist.strings */; };
		9626A79B095321AC006C620D /* BiduleSDK.cpp in Sources */ = {isa = PBXBuildFile; fileRef = 969BD84E04FFA36800A80165 /* BiduleSDK.cpp */; };
		9626A79C095321AC006C620D /* SpectralBlur.cpp in Sources */ = {isa = PBXBuildFile; fileRef = 969BD85404FFA37800A80165 /* SpectralBlur.cpp */; };
		9626A79D095321AC006C620D /* SDKExampleMain.cpp in Sources */ = {isa = PBXBuildFile; fileRef = 969BD85804FFA38400A80165 /* SDKExampleMain.cpp */; };
		9626A79F095321AC006C620D /* Carbon.framework in Frameworks */ = {isa = PBXBuildFile; fileRef = 08EA7FFBFE8413EDC02AAC07 /* Carbon.framework */; };
		B20EA70F28133216007A3D88 /* OnePole.h in Sources */ = {isa = PBXBuildFile; fileRef = B20EA70E28133216007A3D88 /* OnePole.h */; };
		B28DAC9729A2D2A4000B5D17 /* MyTestClass.cpp in Sources */ = {isa = PBXBuildFile; fileRef = B28DAC9529A2D2A4000B5D17 /* MyTestClass.cpp */; };
		B28DAC9829A2D2A4000B5D17 /* MyTestClass.hpp in Headers */ = {isa = PBXBuildFile; fileRef = B28DAC9629A2D2A4000B5D17 /* MyTestClass.hpp */; };
		B28DAC9C29A2DAC9000B5D17 /* OnePole.cpp in Sources */ = {isa = PBXBuildFile; fileRef = B28DAC9B29A2DAC9000B5D17 /* OnePole.cpp */; };
/* End PBXBuildFile section */

/* Begin PBXFileReference section */
		08EA7FFBFE8413EDC02AAC07 /* Carbon.framework */ = {isa = PBXFileReference; lastKnownFileType = wrapper.framework; name = Carbon.framework; path = /System/Library/Frameworks/Carbon.framework; sourceTree = "<absolute>"; };
		9626A7A5095321AC006C620D /* Info-SpectralBlur__Upgraded_.plist */ = {isa = PBXFileReference; lastKnownFileType = text.plist.xml; path = "Info-SpectralBlur__Upgraded_.plist"; sourceTree = "<group>"; };
		9626A7A6095321AC006C620D /* SpectralBlur.bundle */ = {isa = PBXFileReference; explicitFileType = wrapper.cfbundle; includeInIndex = 0; path = SpectralBlur.bundle; sourceTree = BUILT_PRODUCTS_DIR; };
		969BD84E04FFA36800A80165 /* BiduleSDK.cpp */ = {isa = PBXFileReference; fileEncoding = 30; lastKnownFileType = sourcecode.cpp.cpp; name = BiduleSDK.cpp; path = ../common/BiduleSDK.cpp; sourceTree = SOURCE_ROOT; };
		969BD84F04FFA36800A80165 /* BiduleSDK.h */ = {isa = PBXFileReference; fileEncoding = 30; lastKnownFileType = sourcecode.c.h; name = BiduleSDK.h; path = ../common/BiduleSDK.h; sourceTree = SOURCE_ROOT; };
		969BD85004FFA36800A80165 /* BiduleTypes.h */ = {isa = PBXFileReference; fileEncoding = 30; lastKnownFileType = sourcecode.c.h; name = BiduleTypes.h; path = ../common/BiduleTypes.h; sourceTree = SOURCE_ROOT; };
		969BD85404FFA37800A80165 /* SpectralBlur.cpp */ = {isa = PBXFileReference; fileEncoding = 30; lastKnownFileType = sourcecode.cpp.cpp; path = SpectralBlur.cpp; sourceTree = SOURCE_ROOT; };
		969BD85504FFA37800A80165 /* SpectralBlur.h */ = {isa = PBXFileReference; fileEncoding = 30; lastKnownFileType = sourcecode.c.h; path = SpectralBlur.h; sourceTree = SOURCE_ROOT; };
		969BD85804FFA38400A80165 /* SDKExampleMain.cpp */ = {isa = PBXFileReference; fileEncoding = 30; lastKnownFileType = sourcecode.cpp.cpp; path = SDKExampleMain.cpp; sourceTree = SOURCE_ROOT; };
		B20EA70E28133216007A3D88 /* OnePole.h */ = {isa = PBXFileReference; explicitFileType = sourcecode.c.h; path = OnePole.h; sourceTree = "<group>"; };
		B27291192812B9F10017D375 /* en */ = {isa = PBXFileReference; lastKnownFileType = text.plist.strings; name = en; path = en.lproj/InfoPlist.strings; sourceTree = "<group>"; };
		B28DAC9529A2D2A4000B5D17 /* MyTestClass.cpp */ = {isa = PBXFileReference; lastKnownFileType = sourcecode.cpp.cpp; path = MyTestClass.cpp; sourceTree = "<group>"; };
		B28DAC9629A2D2A4000B5D17 /* MyTestClass.hpp */ = {isa = PBXFileReference; lastKnownFileType = sourcecode.cpp.h; path = MyTestClass.hpp; sourceTree = "<group>"; };
		B28DAC9B29A2DAC9000B5D17 /* OnePole.cpp */ = {isa = PBXFileReference; lastKnownFileType = sourcecode.cpp.cpp; path = OnePole.cpp; sourceTree = "<group>"; };
/* End PBXFileReference section */

/* Begin PBXFrameworksBuildPhase section */
		9626A79E095321AC006C620D /* Frameworks */ = {
			isa = PBXFrameworksBuildPhase;
			buildActionMask = 2147483647;
			files = (
				9626A79F095321AC006C620D /* Carbon.framework in Frameworks */,
			);
			runOnlyForDeploymentPostprocessing = 0;
		};
/* End PBXFrameworksBuildPhase section */

/* Begin PBXGroup section */
		089C166AFE841209C02AAC07 /* SDKExample */ = {
			isa = PBXGroup;
			children = (
				08FB77ADFE841716C02AAC07 /* Source */,
				089C167CFE841241C02AAC07 /* Resources */,
				089C1671FE841209C02AAC07 /* External Frameworks and Libraries */,
				19C28FB4FE9D528D11CA2CBB /* Products */,
				9626A7A5095321AC006C620D /* Info-SpectralBlur__Upgraded_.plist */,
			);
			name = SDKExample;
			sourceTree = "<group>";
		};
		089C1671FE841209C02AAC07 /* External Frameworks and Libraries */ = {
			isa = PBXGroup;
			children = (
				08EA7FFBFE8413EDC02AAC07 /* Carbon.framework */,
			);
			name = "External Frameworks and Libraries";
			sourceTree = "<group>";
		};
		089C167CFE841241C02AAC07 /* Resources */ = {
			isa = PBXGroup;
			children = (
				089C167DFE841241C02AAC07 /* InfoPlist.strings */,
			);
			name = Resources;
			sourceTree = "<group>";
		};
		08FB77ADFE841716C02AAC07 /* Source */ = {
			isa = PBXGroup;
			children = (
				969BD84D04FFA34700A80165 /* Common */,
				969BD85404FFA37800A80165 /* SpectralBlur.cpp */,
				969BD85504FFA37800A80165 /* SpectralBlur.h */,
				969BD85804FFA38400A80165 /* SDKExampleMain.cpp */,
				B20EA70E28133216007A3D88 /* OnePole.h */,
				B28DAC9B29A2DAC9000B5D17 /* OnePole.cpp */,
				B28DAC9529A2D2A4000B5D17 /* MyTestClass.cpp */,
				B28DAC9629A2D2A4000B5D17 /* MyTestClass.hpp */,
			);
			name = Source;
			sourceTree = "<group>";
		};
		19C28FB4FE9D528D11CA2CBB /* Products */ = {
			isa = PBXGroup;
			children = (
				9626A7A6095321AC006C620D /* SpectralBlur.bundle */,
			);
			name = Products;
			sourceTree = "<group>";
		};
		969BD84D04FFA34700A80165 /* Common */ = {
			isa = PBXGroup;
			children = (
				969BD84E04FFA36800A80165 /* BiduleSDK.cpp */,
				969BD84F04FFA36800A80165 /* BiduleSDK.h */,
				969BD85004FFA36800A80165 /* BiduleTypes.h */,
			);
			name = Common;
			sourceTree = "<group>";
		};
/* End PBXGroup section */

/* Begin PBXHeadersBuildPhase section */
		9626A794095321AC006C620D /* Headers */ = {
			isa = PBXHeadersBuildPhase;
			buildActionMask = 2147483647;
			files = (
				9626A795095321AC006C620D /* BiduleSDK.h in Headers */,
				B28DAC9829A2D2A4000B5D17 /* MyTestClass.hpp in Headers */,
				9626A797095321AC006C620D /* SpectralBlur.h in Headers */,
			);
			runOnlyForDeploymentPostprocessing = 0;
		};
/* End PBXHeadersBuildPhase section */

/* Begin PBXNativeTarget section */
		9626A793095321AC006C620D /* SpectralBlur (Upgraded) */ = {
			isa = PBXNativeTarget;
			buildConfigurationList = 9626A7A1095321AC006C620D /* Build configuration list for PBXNativeTarget "SpectralBlur (Upgraded)" */;
			buildPhases = (
				9626A794095321AC006C620D /* Headers */,
				9626A798095321AC006C620D /* Resources */,
				9626A79A095321AC006C620D /* Sources */,
				9626A79E095321AC006C620D /* Frameworks */,
				9626A7A0095321AC006C620D /* Rez */,
			);
			buildRules = (
			);
			dependencies = (
			);
			name = "SpectralBlur (Upgraded)";
			productName = SDKExample;
			productReference = 9626A7A6095321AC006C620D /* SpectralBlur.bundle */;
			productType = "com.apple.product-type.bundle";
		};
/* End PBXNativeTarget section */

/* Begin PBXProject section */
		089C1669FE841209C02AAC07 /* Project object */ = {
			isa = PBXProject;
			attributes = {
				LastUpgradeCheck = 1330;
			};
			buildConfigurationList = 9626A7880953219D006C620D /* Build configuration list for PBXProject "SpectralBlur" */;
			compatibilityVersion = "Xcode 2.4";
			developmentRegion = en;
			hasScannedForEncodings = 1;
			knownRegions = (
				en,
				Base,
			);
			mainGroup = 089C166AFE841209C02AAC07 /* SDKExample */;
			projectDirPath = "";
			projectRoot = "";
			targets = (
				9626A793095321AC006C620D /* SpectralBlur (Upgraded) */,
			);
		};
/* End PBXProject section */

/* Begin PBXResourcesBuildPhase section */
		9626A798095321AC006C620D /* Resources */ = {
			isa = PBXResourcesBuildPhase;
			buildActionMask = 2147483647;
			files = (
				9626A799095321AC006C620D /* InfoPlist.strings in Resources */,
			);
			runOnlyForDeploymentPostprocessing = 0;
		};
/* End PBXResourcesBuildPhase section */

/* Begin PBXRezBuildPhase section */
		9626A7A0095321AC006C620D /* Rez */ = {
			isa = PBXRezBuildPhase;
			buildActionMask = 2147483647;
			files = (
			);
			runOnlyForDeploymentPostprocessing = 0;
		};
/* End PBXRezBuildPhase section */

/* Begin PBXSourcesBuildPhase section */
		9626A79A095321AC006C620D /* Sources */ = {
			isa = PBXSourcesBuildPhase;
			buildActionMask = 2147483647;
			files = (
				9626A79B095321AC006C620D /* BiduleSDK.cpp in Sources */,
				9626A79C095321AC006C620D /* SpectralBlur.cpp in Sources */,
				B28DAC9729A2D2A4000B5D17 /* MyTestClass.cpp in Sources */,
				B28DAC9C29A2DAC9000B5D17 /* OnePole.cpp in Sources */,
				B20EA70F28133216007A3D88 /* OnePole.h in Sources */,
				9626A79D095321AC006C620D /* SDKExampleMain.cpp in Sources */,
			);
			runOnlyForDeploymentPostprocessing = 0;
		};
/* End PBXSourcesBuildPhase section */

/* Begin PBXVariantGroup section */
		089C167DFE841241C02AAC07 /* InfoPlist.strings */ = {
			isa = PBXVariantGroup;
			children = (
				B27291192812B9F10017D375 /* en */,
			);
			name = InfoPlist.strings;
			sourceTree = "<group>";
		};
/* End PBXVariantGroup section */

/* Begin XCBuildConfiguration section */
		9626A7890953219D006C620D /* Development */ = {
			isa = XCBuildConfiguration;
			buildSettings = {
				CLANG_ANALYZER_LOCALIZABILITY_NONLOCALIZED = YES;
				CLANG_WARN_BLOCK_CAPTURE_AUTORELEASING = YES;
				CLANG_WARN_BOOL_CONVERSION = YES;
				CLANG_WARN_COMMA = YES;
				CLANG_WARN_CONSTANT_CONVERSION = YES;
				CLANG_WARN_DEPRECATED_OBJC_IMPLEMENTATIONS = YES;
				CLANG_WARN_EMPTY_BODY = YES;
				CLANG_WARN_ENUM_CONVERSION = YES;
				CLANG_WARN_INFINITE_RECURSION = YES;
				CLANG_WARN_INT_CONVERSION = YES;
				CLANG_WARN_NON_LITERAL_NULL_CONVERSION = YES;
				CLANG_WARN_OBJC_IMPLICIT_RETAIN_SELF = YES;
				CLANG_WARN_OBJC_LITERAL_CONVERSION = YES;
				CLANG_WARN_QUOTED_INCLUDE_IN_FRAMEWORK_HEADER = YES;
				CLANG_WARN_RANGE_LOOP_ANALYSIS = YES;
				CLANG_WARN_STRICT_PROTOTYPES = YES;
				CLANG_WARN_SUSPICIOUS_MOVE = YES;
				CLANG_WARN_UNREACHABLE_CODE = YES;
				CLANG_WARN__DUPLICATE_METHOD_MATCH = YES;
				ENABLE_STRICT_OBJC_MSGSEND = YES;
				ENABLE_TESTABILITY = YES;
				GCC_NO_COMMON_BLOCKS = YES;
				GCC_WARN_64_TO_32_BIT_CONVERSION = YES;
				GCC_WARN_ABOUT_RETURN_TYPE = YES;
				GCC_WARN_UNDECLARED_SELECTOR = YES;
				GCC_WARN_UNINITIALIZED_AUTOS = YES;
				GCC_WARN_UNUSED_FUNCTION = YES;
				GCC_WARN_UNUSED_VARIABLE = YES;
				ONLY_ACTIVE_ARCH = YES;
			};
			name = Development;
		};
		9626A78A0953219D006C620D /* Deployment */ = {
			isa = XCBuildConfiguration;
			buildSettings = {
				CLANG_ANALYZER_LOCALIZABILITY_NONLOCALIZED = YES;
				CLANG_WARN_BLOCK_CAPTURE_AUTORELEASING = YES;
				CLANG_WARN_BOOL_CONVERSION = YES;
				CLANG_WARN_COMMA = YES;
				CLANG_WARN_CONSTANT_CONVERSION = YES;
				CLANG_WARN_DEPRECATED_OBJC_IMPLEMENTATIONS = YES;
				CLANG_WARN_EMPTY_BODY = YES;
				CLANG_WARN_ENUM_CONVERSION = YES;
				CLANG_WARN_INFINITE_RECURSION = YES;
				CLANG_WARN_INT_CONVERSION = YES;
				CLANG_WARN_NON_LITERAL_NULL_CONVERSION = YES;
				CLANG_WARN_OBJC_IMPLICIT_RETAIN_SELF = YES;
				CLANG_WARN_OBJC_LITERAL_CONVERSION = YES;
				CLANG_WARN_QUOTED_INCLUDE_IN_FRAMEWORK_HEADER = YES;
				CLANG_WARN_RANGE_LOOP_ANALYSIS = YES;
				CLANG_WARN_STRICT_PROTOTYPES = YES;
				CLANG_WARN_SUSPICIOUS_MOVE = YES;
				CLANG_WARN_UNREACHABLE_CODE = YES;
				CLANG_WARN__DUPLICATE_METHOD_MATCH = YES;
				ENABLE_STRICT_OBJC_MSGSEND = YES;
				GCC_NO_COMMON_BLOCKS = YES;
				GCC_WARN_64_TO_32_BIT_CONVERSION = YES;
				GCC_WARN_ABOUT_RETURN_TYPE = YES;
				GCC_WARN_UNDECLARED_SELECTOR = YES;
				GCC_WARN_UNINITIALIZED_AUTOS = YES;
				GCC_WARN_UNUSED_FUNCTION = YES;
				GCC_WARN_UNUSED_VARIABLE = YES;
			};
			name = Deployment;
		};
		9626A78B0953219D006C620D /* Default */ = {
			isa = XCBuildConfiguration;
			buildSettings = {
				CLANG_ANALYZER_LOCALIZABILITY_NONLOCALIZED = YES;
				CLANG_WARN_BLOCK_CAPTURE_AUTORELEASING = YES;
				CLANG_WARN_BOOL_CONVERSION = YES;
				CLANG_WARN_COMMA = YES;
				CLANG_WARN_CONSTANT_CONVERSION = YES;
				CLANG_WARN_DEPRECATED_OBJC_IMPLEMENTATIONS = YES;
				CLANG_WARN_EMPTY_BODY = YES;
				CLANG_WARN_ENUM_CONVERSION = YES;
				CLANG_WARN_INFINITE_RECURSION = YES;
				CLANG_WARN_INT_CONVERSION = YES;
				CLANG_WARN_NON_LITERAL_NULL_CONVERSION = YES;
				CLANG_WARN_OBJC_IMPLICIT_RETAIN_SELF = YES;
				CLANG_WARN_OBJC_LITERAL_CONVERSION = YES;
				CLANG_WARN_QUOTED_INCLUDE_IN_FRAMEWORK_HEADER = YES;
				CLANG_WARN_RANGE_LOOP_ANALYSIS = YES;
				CLANG_WARN_STRICT_PROTOTYPES = YES;
				CLANG_WARN_SUSPICIOUS_MOVE = YES;
				CLANG_WARN_UNREACHABLE_CODE = YES;
				CLANG_WARN__DUPLICATE_METHOD_MATCH = YES;
				ENABLE_STRICT_OBJC_MSGSEND = YES;
				GCC_NO_COMMON_BLOCKS = YES;
				GCC_WARN_64_TO_32_BIT_CONVERSION = YES;
				GCC_WARN_ABOUT_RETURN_TYPE = YES;
				GCC_WARN_UNDECLARED_SELECTOR = YES;
				GCC_WARN_UNINITIALIZED_AUTOS = YES;
				GCC_WARN_UNUSED_FUNCTION = YES;
				GCC_WARN_UNUSED_VARIABLE = YES;
			};
			name = Default;
		};
		9626A7A2095321AC006C620D /* Development */ = {
			isa = XCBuildConfiguration;
			buildSettings = {
				ARCHS = "$(ARCHS_STANDARD)";
				CLANG_ENABLE_OBJC_WEAK = YES;
				COPY_PHASE_STRIP = NO;
				FRAMEWORK_SEARCH_PATHS = "";
				GCC_DYNAMIC_NO_PIC = NO;
				GCC_GENERATE_DEBUGGING_SYMBOLS = YES;
				GCC_OPTIMIZATION_LEVEL = 0;
				GCC_PREPROCESSOR_DEFINITIONS = MAC;
				HEADER_SEARCH_PATHS = "";
				INFOPLIST_FILE = "Info-SpectralBlur__Upgraded_.plist";
				LIBRARY_SEARCH_PATHS = "";
				MACOSX_DEPLOYMENT_TARGET = 12.0;
				OTHER_CFLAGS = "";
				OTHER_LDFLAGS = "";
				OTHER_REZFLAGS = "";
				PRODUCT_NAME = SpectralBlur;
				SECTORDER_FLAGS = "";
				WARNING_CFLAGS = (
					"-Wmost",
					"-Wno-four-char-constants",
					"-Wno-unknown-pragmas",
				);
				WRAPPER_EXTENSION = bundle;
				ZERO_LINK = NO;
			};
			name = Development;
		};
		9626A7A3095321AC006C620D /* Deployment */ = {
			isa = XCBuildConfiguration;
			buildSettings = {
				ARCHS = "$(ARCHS_STANDARD)";
				CLANG_ENABLE_OBJC_WEAK = YES;
				COPY_PHASE_STRIP = YES;
				FRAMEWORK_SEARCH_PATHS = "";
				GCC_GENERATE_DEBUGGING_SYMBOLS = NO;
				GCC_OPTIMIZATION_LEVEL = 3;
				GCC_PREPROCESSOR_DEFINITIONS = MAC;
				GCC_SYMBOLS_PRIVATE_EXTERN = YES;
				HEADER_SEARCH_PATHS = "";
				INFOPLIST_FILE = "Info-SpectralBlur__Upgraded_.plist";
				LIBRARY_SEARCH_PATHS = "";
				MACOSX_DEPLOYMENT_TARGET = 12.0;
				OTHER_CFLAGS = "";
				OTHER_LDFLAGS = "";
				OTHER_REZFLAGS = "";
				PRODUCT_NAME = SpectralBlur;
				SECTORDER_FLAGS = "";
				WARNING_CFLAGS = (
					"-Wmost",
					"-Wno-four-char-constants",
					"-Wno-unknown-pragmas",
				);
				WRAPPER_EXTENSION = bundle;
				ZERO_LINK = NO;
			};
			name = Deployment;
		};
		9626A7A4095321AC006C620D /* Default */ = {
			isa = XCBuildConfiguration;
			buildSettings = {
				CLANG_ENABLE_OBJC_WEAK = YES;
				FRAMEWORK_SEARCH_PATHS = "";
				GCC_GENERATE_DEBUGGING_SYMBOLS = NO;
				GCC_OPTIMIZATION_LEVEL = 3;
				GCC_PREPROCESSOR_DEFINITIONS = MAC;
				HEADER_SEARCH_PATHS = "";
				INFOPLIST_FILE = "Info-SpectralBlur__Upgraded_.plist";
				LIBRARY_SEARCH_PATHS = "";
				MACOSX_DEPLOYMENT_TARGET = 12.0;
				OTHER_CFLAGS = "";
				OTHER_LDFLAGS = "";
				OTHER_REZFLAGS = "";
				PRODUCT_NAME = SpectralBlur;
				SECTORDER_FLAGS = "";
				WARNING_CFLAGS = (
					"-Wmost",
					"-Wno-four-char-constants",
					"-Wno-unknown-pragmas",
				);
				WRAPPER_EXTENSION = bundle;
			};
			name = Default;
		};
/* End XCBuildConfiguration section */

/* Begin XCConfigurationList section */
		9626A7880953219D006C620D /* Build configuration list for PBXProject "SpectralBlur" */ = {
			isa = XCConfigurationList;
			buildConfigurations = (
				9626A7890953219D006C620D /* Development */,
				9626A78A0953219D006C620D /* Deployment */,
				9626A78B0953219D006C620D /* Default */,
			);
			defaultConfigurationIsVisible = 0;
			defaultConfigurationName = Default;
		};
		9626A7A1095321AC006C620D /* Build configuration list for PBXNativeTarget "SpectralBlur (Upgraded)" */ = {
			isa = XCConfigurationList;
			buildConfigurations = (
				9626A7A2095321AC006C620D /* Development */,
				9626A7A3095321AC006C620D /* Deployment */,
				9626A7A4095321AC006C620D /* Default */,
			);
			defaultConfigurationIsVisible = 0;
			defaultConfigurationName = Default;
		};
/* End XCConfigurationList section */
	};
	rootObject = 089C1669FE841209C02AAC07 /* Project object */;
}
